schema: '2.0'
stages:
  train:
    cmd: python src/cli.py --config ./config.yml --train
    deps:
    - path: ./config.yml
      hash: md5
      md5: ce90c82ef0088a1305c9523fc45b9e95
      size: 520
    - path: ./data/
      hash: md5
      md5: d2b5e737aa5a94904e1c4533e6fc37bc.dir
      size: 46982076
      nfiles: 5
    - path: ./research/
      hash: md5
      md5: 27fa8732b789a8a0349373337d7cc1f8.dir
      size: 116686
      nfiles: 7
    - path: src/cli.py
      hash: md5
      md5: bd645b8f8ff26927239481b93c2aece2
      size: 4063
    - path: src/dataloader.py
      hash: md5
      md5: 3d9122acdd3e7a740535b659906c5fb5
      size: 5068
    - path: src/helper.py
      hash: md5
      md5: 0f4986f291eadd6851f09c5c43eeb0c1
      size: 1781
    - path: src/model.py
      hash: md5
      md5: 9dc32a46a996dfd705f6300f95757484
      size: 2016
    - path: src/trainer.py
      hash: md5
      md5: 58bd9c5b0980eb460da45d5779308830
      size: 10976
    - path: src/utils.py
      hash: md5
      md5: 6c3a3d632390adb7afa6a76a9092486f
      size: 535
  test:
    cmd: python src/cli.py --config ./config.yml --test
    deps:
    - path: ./checkpoints/
      hash: md5
      md5: 07fa1dd3ab5a049e65bba8f638312397.dir
      size: 18198166
      nfiles: 252
    - path: ./config.yml
      hash: md5
      md5: ce90c82ef0088a1305c9523fc45b9e95
      size: 520
    - path: ./data/
      hash: md5
      md5: d2b5e737aa5a94904e1c4533e6fc37bc.dir
      size: 46982076
      nfiles: 5
    - path: src/cli.py
      hash: md5
      md5: bd645b8f8ff26927239481b93c2aece2
      size: 4063
    - path: src/dataloader.py
      hash: md5
      md5: 3d9122acdd3e7a740535b659906c5fb5
      size: 5068
    - path: src/helper.py
      hash: md5
      md5: 0f4986f291eadd6851f09c5c43eeb0c1
      size: 1781
    - path: src/model.py
      hash: md5
      md5: 9dc32a46a996dfd705f6300f95757484
      size: 2016
    - path: src/trainer.py
      hash: md5
      md5: 58bd9c5b0980eb460da45d5779308830
      size: 10976
    - path: src/utils.py
      hash: md5
      md5: 6c3a3d632390adb7afa6a76a9092486f
      size: 535
